aiohappyeyeballs==2.6.1
aiohttp==3.12.15
aiosignal==1.4.0
annotated-types==0.7.0
anyio==4.10.0
asgiref==3.9.1
atproto==0.0.61
attrs==25.3.0
audioop-lts==0.2.2
beautifulsoup4==4.13.4
bleach==5.0.1
blurhash-python==1.2.2
boto3==1.40.6
botocore==1.40.6
cachetools==6.1.0
certifi==2025.1.31
cffi==1.17.1
charset-normalizer==3.4.3
click==8.2.1
cryptography==45.0.6
dateparser==1.2.2
deepl==1.22.0
deepmerge==2.0
discord-py==2.5.2
django==5.2.5
django-anymail==13.0.1
django-appconf==1.1.0
django-auditlog==3.2.1
django-bleach==3.1.0
django-compressor==4.5.1
django-cors-headers==4.7.0
django-environ==0.12.0
django-hijack==3.7.4
django-jsonform @ git+https://github.com/alphatownsman/django-jsonform@1bd8dd9510d309dceef842e1aed7aaf6c1b68ff9
django-maintenance-mode==0.22.0
django-markdownx==4.0.9
django-mcp==0.3.1
django-ninja==1.4.3
django-polymorphic==4.1.0
django-redis==5.4.0
django-rq==3.1
django-sass-processor==1.4.2
django-storages==1.14.6
django-stubs-ext==5.2.2
django-typed-models @ git+https://github.com/alphatownsman/django-typed-models.git@ea2801c9bd6109629b2574a78e84901d496dcbae
django-tz-detect==0.5.0
django-user-messages==1.1.0
dnspython==2.7.0
easy-thumbnails==2.10
et-xmlfile==2.0.0
filetype==1.2.0
frozenlist==1.7.0
gunicorn==23.0.0
h11==0.16.0
httpcore==1.0.9
httpx==0.28.1
httpx-sse==0.4.1
idna==3.10
igdb-api-v4==0.3.3
jmespath==1.0.1
langdetect==1.0.9
libipld==3.1.1
libsass==0.23.0
listparser==0.20
loguru==0.7.3
lxml==6.0.0
markdown==3.8.2
markdown-it-py==3.0.0
markdownify==1.2.0
mcp==1.9.4
mdurl==0.1.2
mistune==3.1.3
multidict==6.6.3
nh3==0.3.0
openpyxl==3.1.5
packaging==25.0
pillow==11.3.0
podcastparser==0.6.10
propcache==0.3.2
protobuf==6.31.1
psycopg2-binary==2.9.10
pycparser==2.22
pydantic==2.11.7
pydantic-core==2.33.2
pydantic-settings==2.10.1
pygments==2.19.2
python-dateutil==2.9.0.post0
python-dotenv==1.1.1
python-fsutil==0.15.0
python-multipart==0.0.20
pytz==2025.2
rcssmin==1.1.2
redis==6.4.0
regex==2025.7.34
requests==2.32.4
rich==14.1.0
rjsmin==1.2.2
rq==2.4.1
s3transfer==0.13.1
sentry-sdk==2.34.1
setproctitle==1.3.6
shellingham==1.5.4
six==1.17.0
sniffio==1.3.1
soupsieve==2.7
sqlparse==0.5.3
sse-starlette==3.0.2
starlette==0.47.2
tinycss2==1.1.1
tqdm==4.67.1
typer==0.16.0
typesense==1.1.1
typing-extensions==4.14.1
typing-inspection==0.4.1
tzlocal==5.3.1
urllib3==2.5.0
urlman==2.0.2
uvicorn==0.35.0
validators==0.35.0
webencodings==0.5.1
websockets==13.1
yarl==1.20.1
