# generated by rye
# use `rye lock` or `rye sync` to update this lockfile
#
# last locked with the following flags:
#   pre: false
#   features: []
#   all-features: false
#   with-sources: false
#   generate-hashes: false
#   universal: false

aiohappyeyeballs==2.6.1
    # via aiohttp
aiohttp==3.12.14
    # via discord-py
aiosignal==1.4.0
    # via aiohttp
annotated-types==0.7.0
    # via pydantic
anyio==4.9.0
    # via httpx
    # via mcp
    # via sse-starlette
    # via starlette
asgiref==3.9.1
    # via django
    # via django-cors-headers
atproto==0.0.61
attrs==25.3.0
    # via aiohttp
beautifulsoup4==4.13.4
    # via markdownify
bleach==5.0.1
    # via django-bleach
blurhash-python==1.2.2
boto3==1.39.14
    # via django-anymail
    # via django-storages
botocore==1.39.14
    # via boto3
    # via s3transfer
cachetools==6.1.0
certifi==2025.1.31
    # via httpcore
    # via httpx
    # via requests
    # via sentry-sdk
cffi==1.17.1
    # via blurhash-python
    # via cryptography
charset-normalizer==3.4.2
    # via requests
click==8.2.1
    # via atproto
    # via rq
    # via typer
    # via uvicorn
cryptography==45.0.5
    # via atproto
    # via django-anymail
dateparser==1.2.2
deepl==1.22.0
deepmerge==2.0
discord-py==2.5.2
django==4.2.23
    # via django-anymail
    # via django-appconf
    # via django-auditlog
    # via django-bleach
    # via django-compressor
    # via django-cors-headers
    # via django-hijack
    # via django-jsonform
    # via django-markdownx
    # via django-ninja
    # via django-polymorphic
    # via django-redis
    # via django-rq
    # via django-storages
    # via django-tz-detect
    # via easy-thumbnails
django-anymail==13.0.1
django-appconf==1.1.0
    # via django-compressor
django-auditlog==3.2.1
django-bleach==3.1.0
django-compressor==4.5.1
django-cors-headers==4.7.0
django-environ==0.12.0
django-hijack==3.7.3
django-jsonform @ git+https://github.com/alphatownsman/django-jsonform@1bd8dd9510d309dceef842e1aed7aaf6c1b68ff9
django-maintenance-mode==0.22.0
django-markdownx==4.0.9
django-mcp==0.3.1
django-ninja==1.4.3
django-polymorphic==4.0.0
django-redis==5.4.0
django-rq @ git+https://github.com/rq/django-rq@b1e6e87d0f6da4dcc29ec5745fb4a3665bde10ad
django-sass-processor==1.4.2
django-storages==1.14.6
django-typed-models @ git+https://github.com/alphatownsman/django-typed-models.git@03921e05b39d07d143519a435259f66387a088bc
django-tz-detect==0.5.0
django-user-messages==1.1.0
dnspython==2.7.0
    # via atproto
easy-thumbnails==2.10
et-xmlfile==2.0.0
    # via openpyxl
filetype==1.2.0
frozenlist==1.7.0
    # via aiohttp
    # via aiosignal
gunicorn==23.0.0
h11==0.16.0
    # via httpcore
    # via uvicorn
httpcore==1.0.9
    # via httpx
httpx==0.28.1
    # via atproto
    # via mcp
httpx-sse==0.4.1
    # via mcp
idna==3.10
    # via anyio
    # via httpx
    # via requests
    # via yarl
igdb-api-v4==0.3.3
jmespath==1.0.1
    # via boto3
    # via botocore
langdetect==1.0.9
libipld==3.1.1
    # via atproto
libsass==0.23.0
listparser==0.20
loguru==0.7.3
lxml==6.0.0
markdown==3.8.2
    # via django-markdownx
markdown-it-py==3.0.0
    # via rich
markdownify==1.1.0
mcp==1.9.4
    # via django-mcp
mdurl==0.1.2
    # via markdown-it-py
mistune==3.1.3
multidict==6.6.3
    # via aiohttp
    # via yarl
nh3==0.3.0
openpyxl==3.1.5
packaging==25.0
    # via gunicorn
pillow==11.3.0
    # via blurhash-python
    # via django-markdownx
    # via easy-thumbnails
podcastparser==0.6.10
propcache==0.3.2
    # via aiohttp
    # via yarl
protobuf==6.31.1
    # via igdb-api-v4
psycopg2-binary==2.9.10
pycparser==2.22
    # via cffi
pydantic==2.11.7
    # via atproto
    # via django-ninja
    # via mcp
    # via pydantic-settings
pydantic-core==2.33.2
    # via pydantic
pydantic-settings==2.10.1
    # via mcp
pygments==2.19.2
    # via rich
python-dateutil==2.9.0.post0
    # via botocore
    # via dateparser
    # via django-auditlog
python-dotenv==1.1.1
    # via mcp
    # via pydantic-settings
python-fsutil==0.15.0
    # via django-maintenance-mode
python-multipart==0.0.20
    # via mcp
pytz==2025.2
    # via dateparser
    # via django-tz-detect
rcssmin==1.1.2
    # via django-compressor
redis==6.2.0
    # via django-redis
    # via django-rq
    # via rq
regex==2024.11.6
    # via dateparser
requests==2.32.4
    # via deepl
    # via django-anymail
    # via igdb-api-v4
    # via typesense
rich==14.1.0
    # via typer
rjsmin==1.2.2
    # via django-compressor
rq==2.4.1
    # via django-rq
s3transfer==0.13.1
    # via boto3
sentry-sdk==2.33.2
setproctitle==1.3.6
shellingham==1.5.4
    # via typer
six==1.17.0
    # via bleach
    # via blurhash-python
    # via langdetect
    # via markdownify
    # via python-dateutil
sniffio==1.3.1
    # via anyio
soupsieve==2.7
    # via beautifulsoup4
sqlparse==0.5.3
    # via django
sse-starlette==3.0.0
    # via mcp
starlette==0.47.2
    # via mcp
tinycss2==1.1.1
    # via bleach
tqdm==4.67.1
typer==0.16.0
    # via mcp
typesense==1.1.1
typing-extensions==4.14.1
    # via aiosignal
    # via anyio
    # via atproto
    # via beautifulsoup4
    # via pydantic
    # via pydantic-core
    # via starlette
    # via typer
    # via typing-inspection
typing-inspection==0.4.1
    # via pydantic
    # via pydantic-settings
tzlocal==5.3.1
    # via dateparser
urllib3==2.5.0
    # via botocore
    # via django-anymail
    # via requests
    # via sentry-sdk
urlman==2.0.2
uvicorn==0.35.0
    # via mcp
validators==0.35.0
webencodings==0.5.1
    # via bleach
    # via tinycss2
websockets==13.1
    # via atproto
yarl==1.20.1
    # via aiohttp
