# generated by rye
# use `rye lock` or `rye sync` to update this lockfile
#
# last locked with the following flags:
#   pre: false
#   features: []
#   all-features: false
#   with-sources: false
#   generate-hashes: false
#   universal: false

aiohappyeyeballs==2.6.1
    # via aiohttp
aiohttp==3.12.13
    # via discord-py
aiosignal==1.3.2
    # via aiohttp
annotated-types==0.7.0
    # via pydantic
anyio==4.9.0
    # via httpx
asgiref==3.8.1
    # via django
    # via django-cors-headers
atproto==0.0.61
attrs==25.3.0
    # via aiohttp
beautifulsoup4==4.13.4
    # via markdownify
bleach==5.0.1
    # via django-bleach
blurhash-python==1.2.2
boto3==1.38.41
    # via django-storages
botocore==1.38.41
    # via boto3
    # via s3transfer
cachetools==6.1.0
certifi==2025.1.31
    # via httpcore
    # via httpx
    # via requests
    # via sentry-sdk
cffi==1.17.1
    # via blurhash-python
    # via cryptography
cfgv==3.4.0
    # via pre-commit
charset-normalizer==3.4.2
    # via requests
click==8.2.1
    # via atproto
    # via djlint
    # via rq
colorama==0.4.6
    # via djlint
cryptography==45.0.4
    # via atproto
cssbeautifier==1.15.4
    # via djlint
dateparser==1.2.1
deepl==1.22.0
deepmerge==2.0
discord-py==2.5.2
distlib==0.3.9
    # via virtualenv
django==4.2.23
    # via django-anymail
    # via django-appconf
    # via django-auditlog
    # via django-bleach
    # via django-compressor
    # via django-cors-headers
    # via django-hijack
    # via django-jsonform
    # via django-markdownx
    # via django-ninja
    # via django-polymorphic
    # via django-redis
    # via django-rq
    # via django-storages
    # via django-stubs
    # via django-stubs-ext
    # via django-tz-detect
    # via easy-thumbnails
django-anymail==13.0
django-appconf==1.1.0
    # via django-compressor
django-auditlog==3.1.2
django-bleach==3.1.0
django-compressor==4.5.1
django-cors-headers==4.7.0
django-environ==0.12.0
django-hijack==3.7.2
django-jsonform @ git+https://github.com/alphatownsman/django-jsonform@1bd8dd9510d309dceef842e1aed7aaf6c1b68ff9
django-maintenance-mode==0.22.0
django-markdownx==4.0.9
django-ninja==1.4.3
django-polymorphic==4.0.0
django-redis==5.4.0
django-rq==3.0.0
django-sass-processor==1.4.1
django-storages==1.14.6
django-stubs==5.2.1
django-stubs-ext==5.2.1
    # via django-stubs
django-typed-models @ git+https://github.com/alphatownsman/django-typed-models.git@03921e05b39d07d143519a435259f66387a088bc
django-tz-detect==0.5.0
django-user-messages==1.1.0
djlint==1.36.4
dnspython==2.7.0
    # via atproto
easy-thumbnails==2.10
editorconfig==0.17.1
    # via cssbeautifier
    # via jsbeautifier
et-xmlfile==2.0.0
    # via openpyxl
filelock==3.18.0
    # via virtualenv
filetype==1.2.0
frozenlist==1.7.0
    # via aiohttp
    # via aiosignal
gunicorn==23.0.0
h11==0.16.0
    # via httpcore
httpcore==1.0.9
    # via httpx
httpx==0.28.1
    # via atproto
identify==2.6.12
    # via pre-commit
idna==3.10
    # via anyio
    # via httpx
    # via requests
    # via yarl
igdb-api-v4==0.3.3
jmespath==1.0.1
    # via boto3
    # via botocore
jsbeautifier==1.15.4
    # via cssbeautifier
    # via djlint
json5==0.12.0
    # via djlint
langdetect==1.0.9
libipld==3.1.0
    # via atproto
libsass==0.23.0
listparser==0.20
loguru==0.7.3
lxml==5.4.0
lxml-stubs==0.5.1
markdown==3.8.2
    # via django-markdownx
markdownify==1.1.0
mistune==3.1.3
multidict==6.5.0
    # via aiohttp
    # via yarl
nh3==0.2.21
nodeenv==1.9.1
    # via pre-commit
    # via pyright
openpyxl==3.1.5
packaging==25.0
    # via gunicorn
pathspec==0.12.1
    # via djlint
pillow==11.2.1
    # via blurhash-python
    # via django-markdownx
    # via easy-thumbnails
platformdirs==4.3.8
    # via virtualenv
podcastparser==0.6.10
pre-commit==4.2.0
propcache==0.3.2
    # via aiohttp
    # via yarl
protobuf==6.31.1
    # via igdb-api-v4
psycopg2-binary==2.9.10
pycparser==2.22
    # via cffi
pydantic==2.11.7
    # via atproto
    # via django-ninja
pydantic-core==2.33.2
    # via pydantic
pyright==1.1.402
python-dateutil==2.9.0.post0
    # via botocore
    # via dateparser
    # via django-auditlog
python-fsutil==0.15.0
    # via django-maintenance-mode
pytz==2025.2
    # via dateparser
    # via django-tz-detect
pyyaml==6.0.2
    # via djlint
    # via pre-commit
rcssmin==1.1.2
    # via django-compressor
redis==6.2.0
    # via django-redis
    # via django-rq
    # via rq
regex==2024.11.6
    # via dateparser
    # via djlint
requests==2.32.4
    # via deepl
    # via django-anymail
    # via igdb-api-v4
    # via typesense
rjsmin==1.2.2
    # via django-compressor
rq==2.4.0
    # via django-rq
ruff==0.12.0
s3transfer==0.13.0
    # via boto3
sentry-sdk==2.30.0
setproctitle==1.3.6
six==1.17.0
    # via bleach
    # via blurhash-python
    # via cssbeautifier
    # via jsbeautifier
    # via langdetect
    # via markdownify
    # via python-dateutil
sniffio==1.3.1
    # via anyio
soupsieve==2.7
    # via beautifulsoup4
sqlparse==0.5.3
    # via django
tinycss2==1.1.1
    # via bleach
tqdm==4.67.1
    # via djlint
types-pyyaml==6.0.12.20250516
    # via django-stubs
typesense==1.1.1
typing-extensions==4.14.0
    # via anyio
    # via atproto
    # via beautifulsoup4
    # via django-stubs
    # via django-stubs-ext
    # via pydantic
    # via pydantic-core
    # via pyright
    # via typing-inspection
typing-inspection==0.4.1
    # via pydantic
tzlocal==5.3.1
    # via dateparser
urllib3==2.5.0
    # via botocore
    # via django-anymail
    # via requests
    # via sentry-sdk
urlman==2.0.2
validators==0.35.0
virtualenv==20.31.2
    # via pre-commit
webencodings==0.5.1
    # via bleach
    # via tinycss2
websockets==13.1
    # via atproto
yarl==1.20.1
    # via aiohttp
